{
  "nodes": {
    "home-manager": {
      "inputs": {
        "nixpkgs": [
          "nixpkgs"
        ]
      },
      "locked": {
        "lastModified": 1684484967,
        "narHash": "sha256-P3ftCqeJmDYS9LSr2gGC4XGGcp5vv8TOasJX6fVHWsw=",
        "owner": "nix-community",
        "repo": "home-manager",
        "rev": "b9a52ad20e58ebd003444915e35e3dd2c18fc715",
        "type": "github"
      },
      "original": {
        "owner": "nix-community",
        "repo": "home-manager",
        "type": "github"
      }
    },
    "nixpkgs": {
      "locked": {
        "lastModified": 1684398685,
        "narHash": "sha256-TRE62m91iZ5ArVMgA+uj22Yda8JoQuuhc9uwZ+NoX+0=",
        "owner": "nixos",
        "repo": "nixpkgs",
        "rev": "628d4bb6e9f4f0c30cfd9b23d3c1cdcec9d3cb5c",
        "type": "github"
      },
      "original": {
        "owner": "nixos",
        "ref": "nixos-22.11",
        "repo": "nixpkgs",
        "type": "github"
      }
    },
    "nixpkgs-unstable": {
      "locked": {
        "lastModified": 1684525479,
        "narHash": "sha256-Cq4jQE5OpB13nuEV3Ahm0UlpzeJBkb3PUz5pox4ih2E=",
        "owner": "nixos",
        "repo": "nixpkgs",
        "rev": "4a22f6f0a4b4354778f786425babce9a56f6b5d8",
        "type": "github"
      },
      "original": {
        "owner": "nixos",
        "ref": "nixpkgs-unstable",
        "repo": "nixpkgs",
        "type": "github"
      }
    },
    "root": {
      "inputs": {
        "home-manager": "home-manager",
        "nixpkgs": "nixpkgs",
        "nixpkgs-unstable": "nixpkgs-unstable"
      }
    }
  },
  "root": "root",
  "version": 7
}
